{
  "nodes": {
    "levers": {
      "inputs": {
        "nixpkgs": [
          "nixpkgs"
        ]
      },
      "locked": {
        "lastModified": 1789389391,
        "narHash": "sha256-uK1npRsrUasfC8r1i1x/KMfOg7FIdVw3oMizc1jol10=",
        "owner": "kquick",
        "repo": "nix-levers",
        "rev": "7a8007f54746e15c059242e4aa3f1ce9ef4e5d64",
        "type": "github"
      },
      "original": {
        "owner": "kquick",
        "repo": "nix-levers",
        "type": "github"
      }
    },
    "microlens-src": {
      "flake": false,
      "locked": {
        "lastModified": 1758506353,
        "narHash": "sha256-m4qQXZcHffx1OW1a6JVX3d/XzfSL9cFcTUR+O8yyFYo=",
        "owner": "monadfix",
        "repo": "microlens",
        "rev": "7d509d465c54dba45b182f9c60452b3b3aa71d1a",
        "type": "github"
      },
      "original": {
        "owner": "monadfix",
        "repo": "microlens",
        "type": "github"
      }
    },
    "nixpkgs": {
      "locked": {
        "lastModified": 1789264731,
        "narHash": "sha256-llGJbC0CcU8DfROr6mZjRJgMLQd/SKwfpzxJH/2lHO4=",
        "owner": "nixos",
        "repo": "nixpkgs",
        "rev": "02f5696b0e6097e589076d886b317b83ff0437d7",
        "type": "github"
      },
      "original": {
        "owner": "nixos",
        "ref": "nixpkgs-unstable",
        "repo": "nixpkgs",
        "type": "github"
      }
    },
    "parameterized-utils-src": {
      "flake": false,
      "locked": {
        "lastModified": 1787844732,
        "narHash": "sha256-WvXo43B8A589sBMVzGQjg7vVTPAXMmPpvRfAuQxTLks=",
        "owner": "GaloisInc",
        "repo": "parameterized-utils",
        "rev": "0423981e27499d956ec084e8420b55ac49200c47",
        "type": "github"
      },
      "original": {
        "owner": "GaloisInc",
        "repo": "parameterized-utils",
        "type": "github"
      }
    },
    "root": {
      "inputs": {
        "levers": "levers",
        "microlens-src": "microlens-src",
        "nixpkgs": "nixpkgs",
        "parameterized-utils-src": "parameterized-utils-src"
      }
    }
  },
  "root": "root",
  "version": 7
}
