{
  "nodes": {
    "hedgehog-classes-src": {
      "flake": false,
      "locked": {
        "lastModified": 1748978262,
        "narHash": "sha256-UN7G36m1xMTatnoLr/iLg/NhYcNYJqjYKNPynBlMxhs=",
        "owner": "hedgehogqa",
        "repo": "haskell-hedgehog-classes",
        "rev": "f6250814cf874e7a7948617554d193f3549dc464",
        "type": "github"
      },
      "original": {
        "owner": "hedgehogqa",
        "repo": "haskell-hedgehog-classes",
        "type": "github"
      }
    },
    "levers": {
      "inputs": {
        "nixpkgs": [
          "nixpkgs"
        ]
      },
      "locked": {
        "lastModified": 1761320420,
        "narHash": "sha256-BLB/WCAV25jokfJCPNxQJboz0CCA/BTZA0WeXu//RjA=",
        "owner": "kquick",
        "repo": "nix-levers",
        "rev": "c477a68d0acbcbbe7220b3166464b93bc323fe58",
        "type": "github"
      },
      "original": {
        "owner": "kquick",
        "repo": "nix-levers",
        "type": "github"
      }
    },
    "nixpkgs": {
      "locked": {
        "lastModified": 1761236834,
        "narHash": "sha256-+pthv6hrL5VLW2UqPdISGuLiUZ6SnAXdd2DdUE+fV2Q=",
        "owner": "nixos",
        "repo": "nixpkgs",
        "rev": "d5faa84122bc0a1fd5d378492efce4e289f8eac1",
        "type": "github"
      },
      "original": {
        "owner": "nixos",
        "ref": "nixpkgs-unstable",
        "repo": "nixpkgs",
        "type": "github"
      }
    },
    "nixpkgs2411": {
      "locked": {
        "lastModified": 1731603435,
        "narHash": "sha256-CqCX4JG7UiHvkrBTpYC3wcEurvbtTADLbo3Ns2CEoL8=",
        "owner": "nixos",
        "repo": "nixpkgs",
        "rev": "8b27c1239e5c421a2bbc2c65d52e4a6fbf2ff296",
        "type": "github"
      },
      "original": {
        "owner": "nixos",
        "ref": "24.11",
        "repo": "nixpkgs",
        "type": "github"
      }
    },
    "parameterized-utils-src": {
      "flake": false,
      "locked": {
        "lastModified": 1757597308,
        "narHash": "sha256-fwZLglQthgfdd/MvCU1b6zpGHTpYPVVxnd85Yvd6gH4=",
        "owner": "GaloisInc",
        "repo": "parameterized-utils",
        "rev": "ebd59241828a97e06af6f8eeead0968a90108256",
        "type": "github"
      },
      "original": {
        "owner": "GaloisInc",
        "repo": "parameterized-utils",
        "type": "github"
      }
    },
    "root": {
      "inputs": {
        "hedgehog-classes-src": "hedgehog-classes-src",
        "levers": "levers",
        "nixpkgs": "nixpkgs",
        "nixpkgs2411": "nixpkgs2411",
        "parameterized-utils-src": "parameterized-utils-src",
        "tasty-hedgehog-src": "tasty-hedgehog-src"
      }
    },
    "tasty-hedgehog-src": {
      "flake": false,
      "locked": {
        "lastModified": 1759134066,
        "narHash": "sha256-LfkRKpLdkCpoXQILURAO9xDTr6yo2Kb5b6RGC81g3Ko=",
        "owner": "qfpl",
        "repo": "tasty-hedgehog",
        "rev": "b166c453479bb10a53bce62d1eaa5b374bd9dce8",
        "type": "github"
      },
      "original": {
        "owner": "qfpl",
        "repo": "tasty-hedgehog",
        "type": "github"
      }
    }
  },
  "root": "root",
  "version": 7
}
